// !$*UTF8*$!
{
	archiveVersion = 1;
	classes = {
	};
	objectVersion = 77;
	objects = {

/* Begin PBXBuildFile section */
		F4D5DABA2F1B7D0200602764 /* Auth in Frameworks */ = {isa = PBXBuildFile; productRef = F4D5DAB92F1B7D0200602764 /* Auth */; };
		F4D5DABC2F1B7D0200602764 /* Functions in Frameworks */ = {isa = PBXBuildFile; productRef = F4D5DABB2F1B7D0200602764 /* Functions */; };
		F4D5DABE2F1B7D0200602764 /* PostgREST in Frameworks */ = {isa = PBXBuildFile; productRef = F4D5DABD2F1B7D0200602764 /* PostgREST */; };
		F4D5DAC02F1B7D0200602764 /* Realtime in Frameworks */ = {isa = PBXBuildFile; productRef = F4D5DABF2F1B7D0200602764 /* Realtime */; };
		F4D5DAC22F1B7D0200602764 /* Storage in Frameworks */ = {isa = PBXBuildFile; productRef = F4D5DAC12F1B7D0200602764 /* Storage */; };
		F4D5DACD2F1B7E0600602764 /* Supabase in Frameworks */ = {isa = PBXBuildFile; productRef = F4D5DACC2F1B7E0600602764 /* Supabase */; };
		F4D5DED12F1D501B00602764 /* .cursorrules in Resources */ = {isa = PBXBuildFile; fileRef = F4D5DED02F1D501500602764 /* .cursorrules */; };
/* End PBXBuildFile section */

/* Begin PBXFileReference section */
		F4D5DA9D2F1B76ED00602764 /* Glasscast.app */ = {isa = PBXFileReference; explicitFileType = wrapper.application; includeInIndex = 0; path = Glasscast.app; sourceTree = BUILT_PRODUCTS_DIR; };
		F4D5DED02F1D501500602764 /* .cursorrules */ = {isa = PBXFileReference; lastKnownFileType = text; path = .cursorrules; sourceTree = "<group>"; };
/* End PBXFileReference section */

/* Begin PBXFileSystemSynchronizedRootGroup section */
		F4D5DA9F2F1B76ED00602764 /* Glasscast */ = {
			isa = PBXFileSystemSynchronizedRootGroup;
			path = Glasscast;
			sourceTree = "<group>";
		};
/* End PBXFileSystemSynchronizedRootGroup section */

/* Begin PBXFrameworksBuildPhase section */
		F4D5DA9A2F1B76ED00602764 /* Frameworks */ = {
			isa = PBXFrameworksBuildPhase;
			buildActionMask = 2147483647;
			files = (
				F4D5DABE2F1B7D0200602764 /* PostgREST in Frameworks */,
				F4D5DABC2F1B7D0200602764 /* Functions in Frameworks */,
				F4D5DACD2F1B7E0600602764 /* Supabase in Frameworks */,
				F4D5DABA2F1B7D0200602764 /* Auth in Frameworks */,
				F4D5DAC22F1B7D0200602764 /* Storage in Frameworks */,
				F4D5DAC02F1B7D0200602764 /* Realtime in Frameworks */,
			);
			runOnlyForDeploymentPostprocessing = 0;
		};
/* End PBXFrameworksBuildPhase section */

/* Begin PBXGroup section */
		F4D5DA942F1B76ED00602764 = {
			isa = PBXGroup;
			children = (
				F4D5DED02F1D501500602764 /* .cursorrules */,
				F4D5DA9F2F1B76ED00602764 /* Glasscast */,
				F4D5DACB2F1B7DEE00602764 /* Frameworks */,
				F4D5DA9E2F1B76ED00602764 /* Products */,
			);
			sourceTree = "<group>";
		};
		F4D5DA9E2F1B76ED00602764 /* Products */ = {
			isa = PBXGroup;
			children = (
				F4D5DA9D2F1B76ED00602764 /* Glasscast.app */,
			);
			name = Products;
			sourceTree = "<group>";
		};
		F4D5DACB2F1B7DEE00602764 /* Frameworks */ = {
			isa = PBXGroup;
			children = (
			);
			name = Frameworks;
			sourceTree = "<group>";
		};
/* End PBXGroup section */

/* Begin PBXNativeTarget section */
		F4D5DA9C2F1B76ED00602764 /* Glasscast */ = {
			isa = PBXNativeTarget;
			buildConfigurationList = F4D5DAA82F1B76EF00602764 /* Build configuration list for PBXNativeTarget "Glasscast" */;
			buildPhases = (
				F4D5DA992F1B76ED00602764 /* Sources */,
				F4D5DA9A2F1B76ED00602764 /* Frameworks */,
				F4D5DA9B2F1B76ED00602764 /* Resources */,
			);
			buildRules = (
			);
			dependencies = (
			);
			fileSystemSynchronizedGroups = (
				F4D5DA9F2F1B76ED00602764 /* Glasscast */,
			);
			name = Glasscast;
			packageProductDependencies = (
				F4D5DAB92F1B7D0200602764 /* Auth */,
				F4D5DABB2F1B7D0200602764 /* Functions */,
				F4D5DABD2F1B7D0200602764 /* PostgREST */,
				F4D5DABF2F1B7D0200602764 /* Realtime */,
				F4D5DAC12F1B7D0200602764 /* Storage */,
				F4D5DACC2F1B7E0600602764 /* Supabase */,
			);
			productName = Glasscast;
			productReference = F4D5DA9D2F1B76ED00602764 /* Glasscast.app */;
			productType = "com.apple.product-type.application";
		};
/* End PBXNativeTarget section */

/* Begin PBXProject section */
		F4D5DA952F1B76ED00602764 /* Project object */ = {
			isa = PBXProject;
			attributes = {
				BuildIndependentTargetsInParallel = 1;
				LastSwiftUpdateCheck = 2620;
				LastUpgradeCheck = 2620;
				TargetAttributes = {
					F4D5DA9C2F1B76ED00602764 = {
						CreatedOnToolsVersion = 26.2;
					};
				};
			};
			buildConfigurationList = F4D5DA982F1B76ED00602764 /* Build configuration list for PBXProject "Glasscast" */;
			developmentRegion = en;
			hasScannedForEncodings = 0;
			knownRegions = (
				en,
				Base,
			);
			mainGroup = F4D5DA942F1B76ED00602764;
			minimizedProjectReferenceProxies = 1;
			packageReferences = (
				F4D5DAB82F1B7D0200602764 /* XCRemoteSwiftPackageReference "supabase-swift" */,
			);
			preferredProjectObjectVersion = 77;
			productRefGroup = F4D5DA9E2F1B76ED00602764 /* Products */;
			projectDirPath = "";
			projectRoot = "";
			targets = (
				F4D5DA9C2F1B76ED00602764 /* Glasscast */,
			);
		};
/* End PBXProject section */

/* Begin PBXResourcesBuildPhase section */
		F4D5DA9B2F1B76ED00602764 /* Resources */ = {
			isa = PBXResourcesBuildPhase;
			buildActionMask = 2147483647;
			files = (
				F4D5DED12F1D501B00602764 /* .cursorrules in Resources */,
			);
			runOnlyForDeploymentPostprocessing = 0;
		};
/* End PBXResourcesBuildPhase section */

/* Begin PBXSourcesBuildPhase section */
		F4D5DA992F1B76ED00602764 /* Sources */ = {
			isa = PBXSourcesBuildPhase;
			buildActionMask = 2147483647;
			files = (
			);
			runOnlyForDeploymentPostprocessing = 0;
		};
/* End PBXSourcesBuildPhase section */

/* Begin XCBuildConfiguration section */
		F4D5DAA62F1B76EF00602764 /* Debug */ = {
			isa = XCBuildConfiguration;
			buildSettings = {
				ALWAYS_SEARCH_USER_PATHS = NO;
				ASSETCATALOG_COMPILER_GENERATE_SWIFT_ASSET_SYMBOL_EXTENSIONS = YES;
				CLANG_ANALYZER_NONNULL = YES;
				CLANG_ANALYZER_NUMBER_OBJECT_CONVERSION = YES_AGGRESSIVE;
				CLANG_CXX_LANGUAGE_STANDARD = "gnu++20";
				CLANG_ENABLE_MODULES = YES;
				CLANG_ENABLE_OBJC_ARC = YES;
				CLANG_ENABLE_OBJC_WEAK = YES;
				CLANG_WARN_BLOCK_CAPTURE_AUTORELEASING = YES;
				CLANG_WARN_BOOL_CONVERSION = YES;
				CLANG_WARN_COMMA = YES;
				CLANG_WARN_CONSTANT_CONVERSION = YES;
				CLANG_WARN_DEPRECATED_OBJC_IMPLEMENTATIONS = YES;
				CLANG_WARN_DIRECT_OBJC_ISA_USAGE = YES_ERROR;
				CLANG_WARN_DOCUMENTATION_COMMENTS = YES;
				CLANG_WARN_EMPTY_BODY = YES;
				CLANG_WARN_ENUM_CONVERSION = YES;
				CLANG_WARN_INFINITE_RECURSION = YES;
				CLANG_WARN_INT_CONVERSION = YES;
				CLANG_WARN_NON_LITERAL_NULL_CONVERSION = YES;
				CLANG_WARN_OBJC_IMPLICIT_RETAIN_SELF = YES;
				CLANG_WARN_OBJC_LITERAL_CONVERSION = YES;
				CLANG_WARN_OBJC_ROOT_CLASS = YES_ERROR;
				CLANG_WARN_QUOTED_INCLUDE_IN_FRAMEWORK_HEADER = YES;
				CLANG_WARN_RANGE_LOOP_ANALYSIS = YES;
				CLANG_WARN_STRICT_PROTOTYPES = YES;
				CLANG_WARN_SUSPICIOUS_MOVE = YES;
				CLANG_WARN_UNGUARDED_AVAILABILITY = YES_AGGRESSIVE;
				CLANG_WARN_UNREACHABLE_CODE = YES;
				CLANG_WARN__DUPLICATE_METHOD_MATCH = YES;
				COPY_PHASE_STRIP = NO;
				DEBUG_INFORMATION_FORMAT = dwarf;
				DEVELOPMENT_TEAM = 29C9BAU8B7;
				ENABLE_STRICT_OBJC_MSGSEND = YES;
				ENABLE_TESTABILITY = YES;
				ENABLE_USER_SCRIPT_SANDBOXING = YES;
				GCC_C_LANGUAGE_STANDARD = gnu17;
				GCC_DYNAMIC_NO_PIC = NO;
				GCC_NO_COMMON_BLOCKS = YES;
				GCC_OPTIMIZATION_LEVEL = 0;
				GCC_PREPROCESSOR_DEFINITIONS = (
					"DEBUG=1",
					"$(inherited)",
				);
				GCC_WARN_64_TO_32_BIT_CONVERSION = YES;
				GCC_WARN_ABOUT_RETURN_TYPE = YES_ERROR;
				GCC_WARN_UNDECLARED_SELECTOR = YES;
				GCC_WARN_UNINITIALIZED_AUTOS = YES_AGGRESSIVE;
				GCC_WARN_UNUSED_FUNCTION = YES;
				GCC_WARN_UNUSED_VARIABLE = YES;
				IPHONEOS_DEPLOYMENT_TARGET = 26.2;
				LOCALIZATION_PREFERS_STRING_CATALOGS = YES;
				MTL_ENABLE_DEBUG_INFO = INCLUDE_SOURCE;
				MTL_FAST_MATH = YES;
				ONLY_ACTIVE_ARCH = YES;
				SDKROOT = iphoneos;
				SWIFT_ACTIVE_COMPILATION_CONDITIONS = "DEBUG $(inherited)";
				SWIFT_OPTIMIZATION_LEVEL = "-Onone";
			};
			name = Debug;
		};
		F4D5DAA72F1B76EF00602764 /* Release */ = {
			isa = XCBuildConfiguration;
			buildSettings = {
				ALWAYS_SEARCH_USER_PATHS = NO;
				ASSETCATALOG_COMPILER_GENERATE_SWIFT_ASSET_SYMBOL_EXTENSIONS = YES;
				CLANG_ANALYZER_NONNULL = YES;
				CLANG_ANALYZER_NUMBER_OBJECT_CONVERSION = YES_AGGRESSIVE;
				CLANG_CXX_LANGUAGE_STANDARD = "gnu++20";
				CLANG_ENABLE_MODULES = YES;
				CLANG_ENABLE_OBJC_ARC = YES;
				CLANG_ENABLE_OBJC_WEAK = YES;
				CLANG_WARN_BLOCK_CAPTURE_AUTORELEASING = YES;
				CLANG_WARN_BOOL_CONVERSION = YES;
				CLANG_WARN_COMMA = YES;
				CLANG_WARN_CONSTANT_CONVERSION = YES;
				CLANG_WARN_DEPRECATED_OBJC_IMPLEMENTATIONS = YES;
				CLANG_WARN_DIRECT_OBJC_ISA_USAGE = YES_ERROR;
				CLANG_WARN_DOCUMENTATION_COMMENTS = YES;
				CLANG_WARN_EMPTY_BODY = YES;
				CLANG_WARN_ENUM_CONVERSION = YES;
				CLANG_WARN_INFINITE_RECURSION = YES;
				CLANG_WARN_INT_CONVERSION = YES;
				CLANG_WARN_NON_LITERAL_NULL_CONVERSION = YES;
				CLANG_WARN_OBJC_IMPLICIT_RETAIN_SELF = YES;
				CLANG_WARN_OBJC_LITERAL_CONVERSION = YES;
				CLANG_WARN_OBJC_ROOT_CLASS = YES_ERROR;
				CLANG_WARN_QUOTED_INCLUDE_IN_FRAMEWORK_HEADER = YES;
				CLANG_WARN_RANGE_LOOP_ANALYSIS = YES;
				CLANG_WARN_STRICT_PROTOTYPES = YES;
				CLANG_WARN_SUSPICIOUS_MOVE = YES;
				CLANG_WARN_UNGUARDED_AVAILABILITY = YES_AGGRESSIVE;
				CLANG_WARN_UNREACHABLE_CODE = YES;
				CLANG_WARN__DUPLICATE_METHOD_MATCH = YES;
				COPY_PHASE_STRIP = NO;
				DEBUG_INFORMATION_FORMAT = "dwarf-with-dsym";
				DEVELOPMENT_TEAM = 29C9BAU8B7;
				ENABLE_NS_ASSERTIONS = NO;
				ENABLE_STRICT_OBJC_MSGSEND = YES;
				ENABLE_USER_SCRIPT_SANDBOXING = YES;
				GCC_C_LANGUAGE_STANDARD = gnu17;
				GCC_NO_COMMON_BLOCKS = YES;
				GCC_WARN_64_TO_32_BIT_CONVERSION = YES;
				GCC_WARN_ABOUT_RETURN_TYPE = YES_ERROR;
				GCC_WARN_UNDECLARED_SELECTOR = YES;
				GCC_WARN_UNINITIALIZED_AUTOS = YES_AGGRESSIVE;
				GCC_WARN_UNUSED_FUNCTION = YES;
				GCC_WARN_UNUSED_VARIABLE = YES;
				IPHONEOS_DEPLOYMENT_TARGET = 26.2;
				LOCALIZATION_PREFERS_STRING_CATALOGS = YES;
				MTL_ENABLE_DEBUG_INFO = NO;
				MTL_FAST_MATH = YES;
				SDKROOT = iphoneos;
				SWIFT_COMPILATION_MODE = wholemodule;
				VALIDATE_PRODUCT = YES;
			};
			name = Release;
		};
		F4D5DAA92F1B76EF00602764 /* Debug */ = {
			isa = XCBuildConfiguration;
			buildSettings = {
				ASSETCATALOG_COMPILER_APPICON_NAME = AppIcon;
				ASSETCATALOG_COMPILER_GLOBAL_ACCENT_COLOR_NAME = AccentColor;
				CODE_SIGN_STYLE = Automatic;
				CURRENT_PROJECT_VERSION = 1;
				DEVELOPMENT_TEAM = 29C9BAU8B7;
				ENABLE_PREVIEWS = YES;
				GENERATE_INFOPLIST_FILE = YES;
				INFOPLIST_KEY_UIApplicationSceneManifest_Generation = YES;
				INFOPLIST_KEY_UIApplicationSupportsIndirectInputEvents = YES;
				INFOPLIST_KEY_UILaunchScreen_Generation = YES;
				INFOPLIST_KEY_UISupportedInterfaceOrientations_iPad = "UIInterfaceOrientationPortrait UIInterfaceOrientationPortraitUpsideDown UIInterfaceOrientationLandscapeLeft UIInterfaceOrientationLandscapeRight";
				INFOPLIST_KEY_UISupportedInterfaceOrientations_iPhone = "UIInterfaceOrientationPortrait UIInterfaceOrientationLandscapeLeft UIInterfaceOrientationLandscapeRight";
				LD_RUNPATH_SEARCH_PATHS = (
					"$(inherited)",
					"@executable_path/Frameworks",
				);
				MARKETING_VERSION = 1.0;
				PRODUCT_BUNDLE_IDENTIFIER = Sample.Glasscast;
				PRODUCT_NAME = "$(TARGET_NAME)";
				STRING_CATALOG_GENERATE_SYMBOLS = YES;
				SWIFT_APPROACHABLE_CONCURRENCY = YES;
				SWIFT_DEFAULT_ACTOR_ISOLATION = MainActor;
				SWIFT_EMIT_LOC_STRINGS = YES;
				SWIFT_UPCOMING_FEATURE_MEMBER_IMPORT_VISIBILITY = YES;
				SWIFT_VERSION = 5.0;
				TARGETED_DEVICE_FAMILY = "1,2";
			};
			name = Debug;
		};
		F4D5DAAA2F1B76EF00602764 /* Release */ = {
			isa = XCBuildConfiguration;
			buildSettings = {
				ASSETCATALOG_COMPILER_APPICON_NAME = AppIcon;
				ASSETCATALOG_COMPILER_GLOBAL_ACCENT_COLOR_NAME = AccentColor;
				CODE_SIGN_STYLE = Automatic;
				CURRENT_PROJECT_VERSION = 1;
				DEVELOPMENT_TEAM = 29C9BAU8B7;
				ENABLE_PREVIEWS = YES;
				GENERATE_INFOPLIST_FILE = YES;
				INFOPLIST_KEY_UIApplicationSceneManifest_Generation = YES;
				INFOPLIST_KEY_UIApplicationSupportsIndirectInputEvents = YES;
				INFOPLIST_KEY_UILaunchScreen_Generation = YES;
				INFOPLIST_KEY_UISupportedInterfaceOrientations_iPad = "UIInterfaceOrientationPortrait UIInterfaceOrientationPortraitUpsideDown UIInterfaceOrientationLandscapeLeft UIInterfaceOrientationLandscapeRight";
				INFOPLIST_KEY_UISupportedInterfaceOrientations_iPhone = "UIInterfaceOrientationPortrait UIInterfaceOrientationLandscapeLeft UIInterfaceOrientationLandscapeRight";
				LD_RUNPATH_SEARCH_PATHS = (
					"$(inherited)",
					"@executable_path/Frameworks",
				);
				MARKETING_VERSION = 1.0;
				PRODUCT_BUNDLE_IDENTIFIER = Sample.Glasscast;
				PRODUCT_NAME = "$(TARGET_NAME)";
				STRING_CATALOG_GENERATE_SYMBOLS = YES;
				SWIFT_APPROACHABLE_CONCURRENCY = YES;
				SWIFT_DEFAULT_ACTOR_ISOLATION = MainActor;
				SWIFT_EMIT_LOC_STRINGS = YES;
				SWIFT_UPCOMING_FEATURE_MEMBER_IMPORT_VISIBILITY = YES;
				SWIFT_VERSION = 5.0;
				TARGETED_DEVICE_FAMILY = "1,2";
			};
			name = Release;
		};
/* End XCBuildConfiguration section */

/* Begin XCConfigurationList section */
		F4D5DA982F1B76ED00602764 /* Build configuration list for PBXProject "Glasscast" */ = {
			isa = XCConfigurationList;
			buildConfigurations = (
				F4D5DAA62F1B76EF00602764 /* Debug */,
				F4D5DAA72F1B76EF00602764 /* Release */,
			);
			defaultConfigurationIsVisible = 0;
			defaultConfigurationName = Release;
		};
		F4D5DAA82F1B76EF00602764 /* Build configuration list for PBXNativeTarget "Glasscast" */ = {
			isa = XCConfigurationList;
			buildConfigurations = (
				F4D5DAA92F1B76EF00602764 /* Debug */,
				F4D5DAAA2F1B76EF00602764 /* Release */,
			);
			defaultConfigurationIsVisible = 0;
			defaultConfigurationName = Release;
		};
/* End XCConfigurationList section */

/* Begin XCRemoteSwiftPackageReference section */
		F4D5DAB82F1B7D0200602764 /* XCRemoteSwiftPackageReference "supabase-swift" */ = {
			isa = XCRemoteSwiftPackageReference;
			repositoryURL = "https://github.com/supabase/supabase-swift";
			requirement = {
				kind = upToNextMajorVersion;
				minimumVersion = 2.5.1;
			};
		};
/* End XCRemoteSwiftPackageReference section */

/* Begin XCSwiftPackageProductDependency section */
		F4D5DAB92F1B7D0200602764 /* Auth */ = {
			isa = XCSwiftPackageProductDependency;
			package = F4D5DAB82F1B7D0200602764 /* XCRemoteSwiftPackageReference "supabase-swift" */;
			productName = Auth;
		};
		F4D5DABB2F1B7D0200602764 /* Functions */ = {
			isa = XCSwiftPackageProductDependency;
			package = F4D5DAB82F1B7D0200602764 /* XCRemoteSwiftPackageReference "supabase-swift" */;
			productName = Functions;
		};
		F4D5DABD2F1B7D0200602764 /* PostgREST */ = {
			isa = XCSwiftPackageProductDependency;
			package = F4D5DAB82F1B7D0200602764 /* XCRemoteSwiftPackageReference "supabase-swift" */;
			productName = PostgREST;
		};
		F4D5DABF2F1B7D0200602764 /* Realtime */ = {
			isa = XCSwiftPackageProductDependency;
			package = F4D5DAB82F1B7D0200602764 /* XCRemoteSwiftPackageReference "supabase-swift" */;
			productName = Realtime;
		};
		F4D5DAC12F1B7D0200602764 /* Storage */ = {
			isa = XCSwiftPackageProductDependency;
			package = F4D5DAB82F1B7D0200602764 /* XCRemoteSwiftPackageReference "supabase-swift" */;
			productName = Storage;
		};
		F4D5DACC2F1B7E0600602764 /* Supabase */ = {
			isa = XCSwiftPackageProductDependency;
			package = F4D5DAB82F1B7D0200602764 /* XCRemoteSwiftPackageReference "supabase-swift" */;
			productName = Supabase;
		};
/* End XCSwiftPackageProductDependency section */
	};
	rootObject = F4D5DA952F1B76ED00602764 /* Project object */;
}
